
Microsoft Visual Studio Solution File, Format Version 12.00
Project("{FAE04EC0-301F-11D3-BF4B-00C04F79EFBC}") = "Builder", "dotnet\tools\builder\Builder.csproj", "{B0EDC808-A512-4283-957F-46EE355998C1}"
EndProject
Project("{FAE04EC0-301F-11D3-BF4B-00C04F79EFBC}") = "BuilderTest", "tests\dotnet\tools\builder\BuilderTest.csproj", "{32778C6E-06E6-46F6-ACDC-D36605E0FEE9}"
EndProject
Project("{FAE04EC0-301F-11D3-BF4B-00C04F79EFBC}") = "Runfiles", "dotnet\tools\runfiles\Runfiles.csproj", "{B88649C6-9FDD-48CE-BC7B-355497A35E8A}"
EndProject
Project("{FAE04EC0-301F-11D3-BF4B-00C04F79EFBC}") = "RunfilesTests", "tests\dotnet\tools\runfiles\RunfilesTests.csproj", "{3EA79FE2-343F-46B2-AD3F-3A2690D518C4}"
EndProject
Project("{FAE04EC0-301F-11D3-BF4B-00C04F79EFBC}") = "NuGetParser", "dotnet\tools\NuGetParser\NuGetParser.csproj", "{C32532CC-6380-48A9-A81C-0FA20C68B56E}"
EndProject
Global
	GlobalSection(SolutionConfigurationPlatforms) = preSolution
		Debug|Any CPU = Debug|Any CPU
		Release|Any CPU = Release|Any CPU
	EndGlobalSection
	GlobalSection(ProjectConfigurationPlatforms) = postSolution
		{B0EDC808-A512-4283-957F-46EE355998C1}.Debug|Any CPU.ActiveCfg = Debug|Any CPU
		{B0EDC808-A512-4283-957F-46EE355998C1}.Debug|Any CPU.Build.0 = Debug|Any CPU
		{B0EDC808-A512-4283-957F-46EE355998C1}.Release|Any CPU.ActiveCfg = Release|Any CPU
		{B0EDC808-A512-4283-957F-46EE355998C1}.Release|Any CPU.Build.0 = Release|Any CPU
		{32778C6E-06E6-46F6-ACDC-D36605E0FEE9}.Debug|Any CPU.ActiveCfg = Debug|Any CPU
		{32778C6E-06E6-46F6-ACDC-D36605E0FEE9}.Debug|Any CPU.Build.0 = Debug|Any CPU
		{32778C6E-06E6-46F6-ACDC-D36605E0FEE9}.Release|Any CPU.ActiveCfg = Release|Any CPU
		{32778C6E-06E6-46F6-ACDC-D36605E0FEE9}.Release|Any CPU.Build.0 = Release|Any CPU
		{B88649C6-9FDD-48CE-BC7B-355497A35E8A}.Debug|Any CPU.ActiveCfg = Debug|Any CPU
		{B88649C6-9FDD-48CE-BC7B-355497A35E8A}.Debug|Any CPU.Build.0 = Debug|Any CPU
		{B88649C6-9FDD-48CE-BC7B-355497A35E8A}.Release|Any CPU.ActiveCfg = Release|Any CPU
		{B88649C6-9FDD-48CE-BC7B-355497A35E8A}.Release|Any CPU.Build.0 = Release|Any CPU
		{3EA79FE2-343F-46B2-AD3F-3A2690D518C4}.Debug|Any CPU.ActiveCfg = Debug|Any CPU
		{3EA79FE2-343F-46B2-AD3F-3A2690D518C4}.Debug|Any CPU.Build.0 = Debug|Any CPU
		{3EA79FE2-343F-46B2-AD3F-3A2690D518C4}.Release|Any CPU.ActiveCfg = Release|Any CPU
		{3EA79FE2-343F-46B2-AD3F-3A2690D518C4}.Release|Any CPU.Build.0 = Release|Any CPU
		{C32532CC-6380-48A9-A81C-0FA20C68B56E}.Debug|Any CPU.ActiveCfg = Debug|Any CPU
		{C32532CC-6380-48A9-A81C-0FA20C68B56E}.Debug|Any CPU.Build.0 = Debug|Any CPU
		{C32532CC-6380-48A9-A81C-0FA20C68B56E}.Release|Any CPU.ActiveCfg = Release|Any CPU
		{C32532CC-6380-48A9-A81C-0FA20C68B56E}.Release|Any CPU.Build.0 = Release|Any CPU
	EndGlobalSection
EndGlobal
