
Microsoft Visual Studio Solution File, Format Version 12.00
# 
Project("{FAE04EC0-301F-11D3-BF4B-00C04F79EFBC}") = "Builder", "dotnet\tools\builder\Builder.csproj", "{B0EDC808-A512-4283-957F-46EE355998C1}"
EndProject
Project("{FAE04EC0-301F-11D3-BF4B-00C04F79EFBC}") = "BuilderTest", "tests\dotnet\tools\builder\BuilderTest.csproj", "{32778C6E-06E6-46F6-ACDC-D36605E0FEE9}"
EndProject
Project("{FAE04EC0-301F-11D3-BF4B-00C04F79EFBC}") = "Runfiles", "dotnet\tools\runfiles\Runfiles.csproj", "{B88649C6-9FDD-48CE-BC7B-355497A35E8A}"
EndProject
Project("{FAE04EC0-301F-11D3-BF4B-00C04F79EFBC}") = "RunfilesTests", "tests\dotnet\tools\runfiles\RunfilesTests.csproj", "{3EA79FE2-343F-46B2-AD3F-3A2690D518C4}"
EndProject
Project("{FAE04EC0-301F-11D3-BF4B-00C04F79EFBC}") = "NuGetParser", "dotnet\tools\NuGetParser\NuGetParser.csproj", "{C32532CC-6380-48A9-A81C-0FA20C68B56E}"
EndProject
Project("{FAE04EC0-301F-11D3-BF4B-00C04F79EFBC}") = "Bzl", "extras\Bzl\Bzl.csproj", "{F39C8EF7-F223-4A16-B824-3950C74A220C}"
EndProject
Project("{FAE04EC0-301F-11D3-BF4B-00C04F79EFBC}") = "BzlTests", "tests\extras\BzlTests\BzlTests.csproj", "{5683F297-CC81-4750-A161-F40FCB4FA409}"
EndProject
Project("{2150E333-8FDC-42A3-9474-1A3956D46DE8}") = "tests", "tests", "{C45C363A-DBAC-4FF9-A430-35F47AEDEC47}"
EndProject
Project("{2150E333-8FDC-42A3-9474-1A3956D46DE8}") = "dotnet", "dotnet", "{3EDD13BF-B5F1-4432-B163-19D3569E0ED9}"
EndProject
Project("{2150E333-8FDC-42A3-9474-1A3956D46DE8}") = "tools", "tools", "{BEFEC1B6-A602-4BBA-AD69-C3B6B3123A95}"
EndProject
Project("{FAE04EC0-301F-11D3-BF4B-00C04F79EFBC}") = "Greeter", "tests\dotnet\tools\launcher\Greeter.csproj", "{D607412A-792F-4853-B7DD-41F781F8F8DC}"
EndProject
Project("{2150E333-8FDC-42A3-9474-1A3956D46DE8}") = "runfiles", "runfiles", "{8E343AF0-9217-47A1-9A00-53B05C8CEFE9}"
EndProject
Project("{FAE04EC0-301F-11D3-BF4B-00C04F79EFBC}") = "DotnetCat", "tests\dotnet\tools\runfiles\integration\DotnetCat.csproj", "{FED90D65-896F-428F-B2DD-B5FCF9FCE943}"
EndProject
Project("{2150E333-8FDC-42A3-9474-1A3956D46DE8}") = "examples", "examples", "{D017CFE2-9C0E-405C-AB5E-1CD00494F768}"
EndProject
Project("{FAE04EC0-301F-11D3-BF4B-00C04F79EFBC}") = "ClassLibrary", "tests\examples\ClassLibrary\ClassLibrary.csproj", "{C6A96BE2-B9A4-4EDC-8064-88D8D9F7B787}"
EndProject
Project("{FAE04EC0-301F-11D3-BF4B-00C04F79EFBC}") = "Dependent", "tests\examples\Dependent\Dependent.csproj", "{D39289B0-D59C-4077-89AD-C547CEF9351C}"
EndProject
Project("{FAE04EC0-301F-11D3-BF4B-00C04F79EFBC}") = "HelloBazel", "tests\examples\HelloBazel\HelloBazel.csproj", "{04F4A931-2127-4253-89FF-B042120C8C83}"
EndProject
Project("{FAE04EC0-301F-11D3-BF4B-00C04F79EFBC}") = "HelloNuGet", "tests\examples\HelloNuGet\HelloNuGet.csproj", "{896B295D-B021-4E03-80BC-80CF052B5273}"
EndProject
Project("{FAE04EC0-301F-11D3-BF4B-00C04F79EFBC}") = "HelloTest", "tests\examples\HelloTest\HelloTest.csproj", "{568FBED0-34FF-45A0-8F99-68B54E0C5E4C}"
EndProject
Project("{FAE04EC0-301F-11D3-BF4B-00C04F79EFBC}") = "HelloWeb", "tests\examples\HelloWeb\HelloWeb.csproj", "{0629843F-CDE5-45C1-88C0-25D9EA1EB8AC}"
EndProject
Project("{2150E333-8FDC-42A3-9474-1A3956D46DE8}") = "NuGet", "NuGet", "{2DDEE348-B64A-419A-ADED-2A095381C287}"
EndProject
Project("{FAE04EC0-301F-11D3-BF4B-00C04F79EFBC}") = "PackageDeps", "tests\examples\NuGet\PackageDeps\PackageDeps.csproj", "{0F64BED5-3B49-4E93-A5F5-030B7ADE0672}"
EndProject
Project("{2150E333-8FDC-42A3-9474-1A3956D46DE8}") = "Transitive", "Transitive", "{FACF6A4B-3517-46ED-AE40-D0376B8F1991}"
EndProject
Project("{FAE04EC0-301F-11D3-BF4B-00C04F79EFBC}") = "Binary", "tests\examples\NuGet\Transitive\Binary\Binary.csproj", "{719FE1DC-418A-46C0-B847-ED1EB9C067F2}"
EndProject
Project("{FAE04EC0-301F-11D3-BF4B-00C04F79EFBC}") = "Library", "tests\examples\NuGet\Transitive\Library\Library.csproj", "{59297522-1E6A-4BEE-801F-65C867C8C8C2}"
EndProject
Project("{2150E333-8FDC-42A3-9474-1A3956D46DE8}") = "Transitive", "Transitive", "{E477B934-2A4B-4FD4-9E52-BFE0096C4C3A}"
EndProject
Project("{FAE04EC0-301F-11D3-BF4B-00C04F79EFBC}") = "Binary", "tests\examples\Transitive\Binary\Binary.csproj", "{CD82D1A4-879D-4681-9577-94C03B9FFA3B}"
EndProject
Project("{FAE04EC0-301F-11D3-BF4B-00C04F79EFBC}") = "Lib", "tests\examples\Transitive\Lib\Lib.csproj", "{030C9841-329D-452C-AC47-5FA36D65FA8C}"
EndProject
Project("{FAE04EC0-301F-11D3-BF4B-00C04F79EFBC}") = "TransitiveLib", "tests\examples\Transitive\TransitiveLib\TransitiveLib.csproj", "{ECFB911E-739E-4150-86D2-DA3F498B00EB}"
EndProject
Project("{FAE04EC0-301F-11D3-BF4B-00C04F79EFBC}") = "TransitiveTransitiveLib", "tests\examples\Transitive\TransitiveTransitiveLib\TransitiveTransitiveLib.csproj", "{7F36A6D1-3D87-4A95-864E-91334E180E38}"
EndProject
Global
	GlobalSection(SolutionConfigurationPlatforms) = preSolution
		Debug|Any CPU = Debug|Any CPU
		Release|Any CPU = Release|Any CPU
	EndGlobalSection
	GlobalSection(ProjectConfigurationPlatforms) = postSolution
		{B0EDC808-A512-4283-957F-46EE355998C1}.Debug|Any CPU.ActiveCfg = Debug|Any CPU
		{B0EDC808-A512-4283-957F-46EE355998C1}.Debug|Any CPU.Build.0 = Debug|Any CPU
		{B0EDC808-A512-4283-957F-46EE355998C1}.Release|Any CPU.ActiveCfg = Release|Any CPU
		{B0EDC808-A512-4283-957F-46EE355998C1}.Release|Any CPU.Build.0 = Release|Any CPU
		{32778C6E-06E6-46F6-ACDC-D36605E0FEE9}.Debug|Any CPU.ActiveCfg = Debug|Any CPU
		{32778C6E-06E6-46F6-ACDC-D36605E0FEE9}.Debug|Any CPU.Build.0 = Debug|Any CPU
		{32778C6E-06E6-46F6-ACDC-D36605E0FEE9}.Release|Any CPU.ActiveCfg = Release|Any CPU
		{32778C6E-06E6-46F6-ACDC-D36605E0FEE9}.Release|Any CPU.Build.0 = Release|Any CPU
		{B88649C6-9FDD-48CE-BC7B-355497A35E8A}.Debug|Any CPU.ActiveCfg = Debug|Any CPU
		{B88649C6-9FDD-48CE-BC7B-355497A35E8A}.Debug|Any CPU.Build.0 = Debug|Any CPU
		{B88649C6-9FDD-48CE-BC7B-355497A35E8A}.Release|Any CPU.ActiveCfg = Release|Any CPU
		{B88649C6-9FDD-48CE-BC7B-355497A35E8A}.Release|Any CPU.Build.0 = Release|Any CPU
		{3EA79FE2-343F-46B2-AD3F-3A2690D518C4}.Debug|Any CPU.ActiveCfg = Debug|Any CPU
		{3EA79FE2-343F-46B2-AD3F-3A2690D518C4}.Debug|Any CPU.Build.0 = Debug|Any CPU
		{3EA79FE2-343F-46B2-AD3F-3A2690D518C4}.Release|Any CPU.ActiveCfg = Release|Any CPU
		{3EA79FE2-343F-46B2-AD3F-3A2690D518C4}.Release|Any CPU.Build.0 = Release|Any CPU
		{C32532CC-6380-48A9-A81C-0FA20C68B56E}.Debug|Any CPU.ActiveCfg = Debug|Any CPU
		{C32532CC-6380-48A9-A81C-0FA20C68B56E}.Debug|Any CPU.Build.0 = Debug|Any CPU
		{C32532CC-6380-48A9-A81C-0FA20C68B56E}.Release|Any CPU.ActiveCfg = Release|Any CPU
		{C32532CC-6380-48A9-A81C-0FA20C68B56E}.Release|Any CPU.Build.0 = Release|Any CPU
		{F39C8EF7-F223-4A16-B824-3950C74A220C}.Debug|Any CPU.ActiveCfg = Debug|Any CPU
		{F39C8EF7-F223-4A16-B824-3950C74A220C}.Debug|Any CPU.Build.0 = Debug|Any CPU
		{F39C8EF7-F223-4A16-B824-3950C74A220C}.Release|Any CPU.ActiveCfg = Release|Any CPU
		{F39C8EF7-F223-4A16-B824-3950C74A220C}.Release|Any CPU.Build.0 = Release|Any CPU
		{5683F297-CC81-4750-A161-F40FCB4FA409}.Debug|Any CPU.ActiveCfg = Debug|Any CPU
		{5683F297-CC81-4750-A161-F40FCB4FA409}.Debug|Any CPU.Build.0 = Debug|Any CPU
		{5683F297-CC81-4750-A161-F40FCB4FA409}.Release|Any CPU.ActiveCfg = Release|Any CPU
		{5683F297-CC81-4750-A161-F40FCB4FA409}.Release|Any CPU.Build.0 = Release|Any CPU
		{D607412A-792F-4853-B7DD-41F781F8F8DC}.Debug|Any CPU.ActiveCfg = Debug|Any CPU
		{D607412A-792F-4853-B7DD-41F781F8F8DC}.Debug|Any CPU.Build.0 = Debug|Any CPU
		{D607412A-792F-4853-B7DD-41F781F8F8DC}.Release|Any CPU.ActiveCfg = Release|Any CPU
		{D607412A-792F-4853-B7DD-41F781F8F8DC}.Release|Any CPU.Build.0 = Release|Any CPU
		{FED90D65-896F-428F-B2DD-B5FCF9FCE943}.Debug|Any CPU.ActiveCfg = Debug|Any CPU
		{FED90D65-896F-428F-B2DD-B5FCF9FCE943}.Debug|Any CPU.Build.0 = Debug|Any CPU
		{FED90D65-896F-428F-B2DD-B5FCF9FCE943}.Release|Any CPU.ActiveCfg = Release|Any CPU
		{FED90D65-896F-428F-B2DD-B5FCF9FCE943}.Release|Any CPU.Build.0 = Release|Any CPU
		{C6A96BE2-B9A4-4EDC-8064-88D8D9F7B787}.Debug|Any CPU.ActiveCfg = Debug|Any CPU
		{C6A96BE2-B9A4-4EDC-8064-88D8D9F7B787}.Debug|Any CPU.Build.0 = Debug|Any CPU
		{C6A96BE2-B9A4-4EDC-8064-88D8D9F7B787}.Release|Any CPU.ActiveCfg = Release|Any CPU
		{C6A96BE2-B9A4-4EDC-8064-88D8D9F7B787}.Release|Any CPU.Build.0 = Release|Any CPU
		{D39289B0-D59C-4077-89AD-C547CEF9351C}.Debug|Any CPU.ActiveCfg = Debug|Any CPU
		{D39289B0-D59C-4077-89AD-C547CEF9351C}.Debug|Any CPU.Build.0 = Debug|Any CPU
		{D39289B0-D59C-4077-89AD-C547CEF9351C}.Release|Any CPU.ActiveCfg = Release|Any CPU
		{D39289B0-D59C-4077-89AD-C547CEF9351C}.Release|Any CPU.Build.0 = Release|Any CPU
		{04F4A931-2127-4253-89FF-B042120C8C83}.Debug|Any CPU.ActiveCfg = Debug|Any CPU
		{04F4A931-2127-4253-89FF-B042120C8C83}.Debug|Any CPU.Build.0 = Debug|Any CPU
		{04F4A931-2127-4253-89FF-B042120C8C83}.Release|Any CPU.ActiveCfg = Release|Any CPU
		{04F4A931-2127-4253-89FF-B042120C8C83}.Release|Any CPU.Build.0 = Release|Any CPU
		{896B295D-B021-4E03-80BC-80CF052B5273}.Debug|Any CPU.ActiveCfg = Debug|Any CPU
		{896B295D-B021-4E03-80BC-80CF052B5273}.Debug|Any CPU.Build.0 = Debug|Any CPU
		{896B295D-B021-4E03-80BC-80CF052B5273}.Release|Any CPU.ActiveCfg = Release|Any CPU
		{896B295D-B021-4E03-80BC-80CF052B5273}.Release|Any CPU.Build.0 = Release|Any CPU
		{568FBED0-34FF-45A0-8F99-68B54E0C5E4C}.Debug|Any CPU.ActiveCfg = Debug|Any CPU
		{568FBED0-34FF-45A0-8F99-68B54E0C5E4C}.Debug|Any CPU.Build.0 = Debug|Any CPU
		{568FBED0-34FF-45A0-8F99-68B54E0C5E4C}.Release|Any CPU.ActiveCfg = Release|Any CPU
		{568FBED0-34FF-45A0-8F99-68B54E0C5E4C}.Release|Any CPU.Build.0 = Release|Any CPU
		{0629843F-CDE5-45C1-88C0-25D9EA1EB8AC}.Debug|Any CPU.ActiveCfg = Debug|Any CPU
		{0629843F-CDE5-45C1-88C0-25D9EA1EB8AC}.Debug|Any CPU.Build.0 = Debug|Any CPU
		{0629843F-CDE5-45C1-88C0-25D9EA1EB8AC}.Release|Any CPU.ActiveCfg = Release|Any CPU
		{0629843F-CDE5-45C1-88C0-25D9EA1EB8AC}.Release|Any CPU.Build.0 = Release|Any CPU
		{0F64BED5-3B49-4E93-A5F5-030B7ADE0672}.Debug|Any CPU.ActiveCfg = Debug|Any CPU
		{0F64BED5-3B49-4E93-A5F5-030B7ADE0672}.Debug|Any CPU.Build.0 = Debug|Any CPU
		{0F64BED5-3B49-4E93-A5F5-030B7ADE0672}.Release|Any CPU.ActiveCfg = Release|Any CPU
		{0F64BED5-3B49-4E93-A5F5-030B7ADE0672}.Release|Any CPU.Build.0 = Release|Any CPU
		{719FE1DC-418A-46C0-B847-ED1EB9C067F2}.Debug|Any CPU.ActiveCfg = Debug|Any CPU
		{719FE1DC-418A-46C0-B847-ED1EB9C067F2}.Debug|Any CPU.Build.0 = Debug|Any CPU
		{719FE1DC-418A-46C0-B847-ED1EB9C067F2}.Release|Any CPU.ActiveCfg = Release|Any CPU
		{719FE1DC-418A-46C0-B847-ED1EB9C067F2}.Release|Any CPU.Build.0 = Release|Any CPU
		{59297522-1E6A-4BEE-801F-65C867C8C8C2}.Debug|Any CPU.ActiveCfg = Debug|Any CPU
		{59297522-1E6A-4BEE-801F-65C867C8C8C2}.Debug|Any CPU.Build.0 = Debug|Any CPU
		{59297522-1E6A-4BEE-801F-65C867C8C8C2}.Release|Any CPU.ActiveCfg = Release|Any CPU
		{59297522-1E6A-4BEE-801F-65C867C8C8C2}.Release|Any CPU.Build.0 = Release|Any CPU
		{CD82D1A4-879D-4681-9577-94C03B9FFA3B}.Debug|Any CPU.ActiveCfg = Debug|Any CPU
		{CD82D1A4-879D-4681-9577-94C03B9FFA3B}.Debug|Any CPU.Build.0 = Debug|Any CPU
		{CD82D1A4-879D-4681-9577-94C03B9FFA3B}.Release|Any CPU.ActiveCfg = Release|Any CPU
		{CD82D1A4-879D-4681-9577-94C03B9FFA3B}.Release|Any CPU.Build.0 = Release|Any CPU
		{030C9841-329D-452C-AC47-5FA36D65FA8C}.Debug|Any CPU.ActiveCfg = Debug|Any CPU
		{030C9841-329D-452C-AC47-5FA36D65FA8C}.Debug|Any CPU.Build.0 = Debug|Any CPU
		{030C9841-329D-452C-AC47-5FA36D65FA8C}.Release|Any CPU.ActiveCfg = Release|Any CPU
		{030C9841-329D-452C-AC47-5FA36D65FA8C}.Release|Any CPU.Build.0 = Release|Any CPU
		{ECFB911E-739E-4150-86D2-DA3F498B00EB}.Debug|Any CPU.ActiveCfg = Debug|Any CPU
		{ECFB911E-739E-4150-86D2-DA3F498B00EB}.Debug|Any CPU.Build.0 = Debug|Any CPU
		{ECFB911E-739E-4150-86D2-DA3F498B00EB}.Release|Any CPU.ActiveCfg = Release|Any CPU
		{ECFB911E-739E-4150-86D2-DA3F498B00EB}.Release|Any CPU.Build.0 = Release|Any CPU
		{7F36A6D1-3D87-4A95-864E-91334E180E38}.Debug|Any CPU.ActiveCfg = Debug|Any CPU
		{7F36A6D1-3D87-4A95-864E-91334E180E38}.Debug|Any CPU.Build.0 = Debug|Any CPU
		{7F36A6D1-3D87-4A95-864E-91334E180E38}.Release|Any CPU.ActiveCfg = Release|Any CPU
		{7F36A6D1-3D87-4A95-864E-91334E180E38}.Release|Any CPU.Build.0 = Release|Any CPU
	EndGlobalSection
	GlobalSection(NestedProjects) = preSolution
		{3EDD13BF-B5F1-4432-B163-19D3569E0ED9} = {C45C363A-DBAC-4FF9-A430-35F47AEDEC47}
		{BEFEC1B6-A602-4BBA-AD69-C3B6B3123A95} = {3EDD13BF-B5F1-4432-B163-19D3569E0ED9}
		{D607412A-792F-4853-B7DD-41F781F8F8DC} = {BEFEC1B6-A602-4BBA-AD69-C3B6B3123A95}
		{8E343AF0-9217-47A1-9A00-53B05C8CEFE9} = {BEFEC1B6-A602-4BBA-AD69-C3B6B3123A95}
		{FED90D65-896F-428F-B2DD-B5FCF9FCE943} = {8E343AF0-9217-47A1-9A00-53B05C8CEFE9}
		{D017CFE2-9C0E-405C-AB5E-1CD00494F768} = {C45C363A-DBAC-4FF9-A430-35F47AEDEC47}
		{C6A96BE2-B9A4-4EDC-8064-88D8D9F7B787} = {D017CFE2-9C0E-405C-AB5E-1CD00494F768}
		{D39289B0-D59C-4077-89AD-C547CEF9351C} = {D017CFE2-9C0E-405C-AB5E-1CD00494F768}
		{04F4A931-2127-4253-89FF-B042120C8C83} = {D017CFE2-9C0E-405C-AB5E-1CD00494F768}
		{896B295D-B021-4E03-80BC-80CF052B5273} = {D017CFE2-9C0E-405C-AB5E-1CD00494F768}
		{568FBED0-34FF-45A0-8F99-68B54E0C5E4C} = {D017CFE2-9C0E-405C-AB5E-1CD00494F768}
		{0629843F-CDE5-45C1-88C0-25D9EA1EB8AC} = {D017CFE2-9C0E-405C-AB5E-1CD00494F768}
		{2DDEE348-B64A-419A-ADED-2A095381C287} = {D017CFE2-9C0E-405C-AB5E-1CD00494F768}
		{0F64BED5-3B49-4E93-A5F5-030B7ADE0672} = {2DDEE348-B64A-419A-ADED-2A095381C287}
		{FACF6A4B-3517-46ED-AE40-D0376B8F1991} = {2DDEE348-B64A-419A-ADED-2A095381C287}
		{719FE1DC-418A-46C0-B847-ED1EB9C067F2} = {FACF6A4B-3517-46ED-AE40-D0376B8F1991}
		{59297522-1E6A-4BEE-801F-65C867C8C8C2} = {FACF6A4B-3517-46ED-AE40-D0376B8F1991}
		{E477B934-2A4B-4FD4-9E52-BFE0096C4C3A} = {D017CFE2-9C0E-405C-AB5E-1CD00494F768}
		{CD82D1A4-879D-4681-9577-94C03B9FFA3B} = {E477B934-2A4B-4FD4-9E52-BFE0096C4C3A}
		{030C9841-329D-452C-AC47-5FA36D65FA8C} = {E477B934-2A4B-4FD4-9E52-BFE0096C4C3A}
		{ECFB911E-739E-4150-86D2-DA3F498B00EB} = {E477B934-2A4B-4FD4-9E52-BFE0096C4C3A}
		{7F36A6D1-3D87-4A95-864E-91334E180E38} = {E477B934-2A4B-4FD4-9E52-BFE0096C4C3A}
	EndGlobalSection
EndGlobal
