
Microsoft Visual Studio Solution File, Format Version 12.00
# Visual Studio Version 16
VisualStudioVersion = 16.6.30114.105
MinimumVisualStudioVersion = 10.0.40219.1
Project("{2150E333-8FDC-42A3-9474-1A3956D46DE8}") = "dotnet", "dotnet", "{53192E28-2347-4A9F-BC0B-2B21D8C9ECD0}"
EndProject
Project("{2150E333-8FDC-42A3-9474-1A3956D46DE8}") = "tools", "tools", "{E5A7643B-1976-42D6-960F-2D3BFD93C0E7}"
EndProject
Project("{FAE04EC0-301F-11D3-BF4B-00C04F79EFBC}") = "NuGetParser", "dotnet\tools\NuGetParser\NuGetParser.csproj", "{4AAF2E18-C4A0-4571-B5FD-B447C0E2B20D}"
EndProject
Project("{FAE04EC0-301F-11D3-BF4B-00C04F79EFBC}") = "Runfiles", "dotnet\tools\Runfiles\Runfiles.csproj", "{A723DE4C-26A9-4CBB-930C-00D2100F5D02}"
EndProject
Project("{FAE04EC0-301F-11D3-BF4B-00C04F79EFBC}") = "Builder", "dotnet\tools\builder\Builder.csproj", "{F1D9A201-77E3-491C-B725-BB84DE680C18}"
EndProject
Project("{2150E333-8FDC-42A3-9474-1A3956D46DE8}") = "tests", "tests", "{32A34865-8CAE-417C-986D-ED4F261FB12A}"
EndProject
Project("{2150E333-8FDC-42A3-9474-1A3956D46DE8}") = "dotnet", "dotnet", "{055159B5-FEF9-4998-B903-9724A850689E}"
EndProject
Project("{2150E333-8FDC-42A3-9474-1A3956D46DE8}") = "tools", "tools", "{F8C0FD8F-420E-49BC-8461-9CB41ED92699}"
EndProject
Project("{FAE04EC0-301F-11D3-BF4B-00C04F79EFBC}") = "BuilderTests", "tests\dotnet\tools\builder\BuilderTests.csproj", "{82F2EB1F-71AC-47F7-91A9-2952857A7CC5}"
EndProject
Project("{FAE04EC0-301F-11D3-BF4B-00C04F79EFBC}") = "Greeter", "tests\dotnet\tools\launcher\Greeter.csproj", "{57171589-B4C5-476D-9F7F-A6FC0F991BE0}"
EndProject
Project("{2150E333-8FDC-42A3-9474-1A3956D46DE8}") = "runfiles", "runfiles", "{CD331F7D-CB20-48B7-9BCE-7A52281B39AE}"
EndProject
Project("{FAE04EC0-301F-11D3-BF4B-00C04F79EFBC}") = "DotnetCat", "tests\dotnet\tools\runfiles\integration\DotnetCat.csproj", "{888D3874-B29F-4133-BDF0-F2F9E4EF8CE4}"
EndProject
Project("{2150E333-8FDC-42A3-9474-1A3956D46DE8}") = "examples", "examples", "{3B4DC4ED-E08D-46FB-935D-78EC9B346F0E}"
EndProject
Project("{FAE04EC0-301F-11D3-BF4B-00C04F79EFBC}") = "ClassLibrary", "tests\examples\ClassLibrary\ClassLibrary.csproj", "{09BBE6A9-9F48-401A-8339-9177704836CE}"
EndProject
Project("{FAE04EC0-301F-11D3-BF4B-00C04F79EFBC}") = "Dependent", "tests\examples\Dependent\Dependent.csproj", "{94C28599-E6D9-4CF2-9A7C-19F5D0D6DCF1}"
EndProject
Project("{FAE04EC0-301F-11D3-BF4B-00C04F79EFBC}") = "HelloBazel", "tests\examples\HelloBazel\HelloBazel.csproj", "{3928C151-D7ED-4124-A64B-D1B13948FE68}"
EndProject
Project("{FAE04EC0-301F-11D3-BF4B-00C04F79EFBC}") = "HelloNuGet", "tests\examples\HelloNuGet\HelloNuGet.csproj", "{04C3A599-5F34-4510-9A7D-A066021E57CE}"
EndProject
Project("{FAE04EC0-301F-11D3-BF4B-00C04F79EFBC}") = "HelloTest", "tests\examples\HelloTest\HelloTest.csproj", "{34CE9F9A-E563-4110-9D08-C9897AE3B40C}"
EndProject
Project("{FAE04EC0-301F-11D3-BF4B-00C04F79EFBC}") = "HelloWeb", "tests\examples\HelloWeb\HelloWeb.csproj", "{762415D8-AFDF-4CC4-A7D2-A89F3D047232}"
EndProject
Project("{2150E333-8FDC-42A3-9474-1A3956D46DE8}") = "NuGet", "NuGet", "{9A0AD8C1-86B5-4024-95BC-9C79599C750C}"
EndProject
Project("{FAE04EC0-301F-11D3-BF4B-00C04F79EFBC}") = "PackageDeps", "tests\examples\NuGet\PackageDeps\PackageDeps.csproj", "{D7F62B25-AAA0-439C-ADA8-063D1B0637BD}"
EndProject
Project("{2150E333-8FDC-42A3-9474-1A3956D46DE8}") = "Transitive", "Transitive", "{A417213A-FB02-4CE7-A836-12E313024EDB}"
EndProject
Project("{FAE04EC0-301F-11D3-BF4B-00C04F79EFBC}") = "Binary", "tests\examples\NuGet\Transitive\Binary\Binary.csproj", "{E42F5F3D-2B2F-4FBD-AC75-8508D3D3C91E}"
EndProject
Project("{FAE04EC0-301F-11D3-BF4B-00C04F79EFBC}") = "Library", "tests\examples\NuGet\Transitive\Library\Library.csproj", "{FF0028BC-92A7-4372-9992-F384E4813E7E}"
EndProject
Project("{2150E333-8FDC-42A3-9474-1A3956D46DE8}") = "Transitive", "Transitive", "{91AA9D85-9838-47AD-9EC4-5095907B3B1C}"
EndProject
Project("{FAE04EC0-301F-11D3-BF4B-00C04F79EFBC}") = "Binary", "tests\examples\Transitive\Binary\Binary.csproj", "{F40C9B2E-E46E-4660-99DA-E32F3218D50C}"
EndProject
Project("{FAE04EC0-301F-11D3-BF4B-00C04F79EFBC}") = "Lib", "tests\examples\Transitive\Lib\Lib.csproj", "{F46F6221-243C-47B2-B5B9-DA5C1F12E222}"
EndProject
Project("{FAE04EC0-301F-11D3-BF4B-00C04F79EFBC}") = "TransitiveLib", "tests\examples\Transitive\TransitiveLib\TransitiveLib.csproj", "{CC164112-FC98-4645-A9DE-075EA7A163C2}"
EndProject
Project("{FAE04EC0-301F-11D3-BF4B-00C04F79EFBC}") = "TransitiveTransitiveLib", "tests\examples\Transitive\TransitiveTransitiveLib\TransitiveTransitiveLib.csproj", "{CCF50EB2-9D5E-4702-831B-067228B49C5A}"
EndProject
Project("{2150E333-8FDC-42A3-9474-1A3956D46DE8}") = "sandboxing", "sandboxing", "{BA6A61D7-B8AF-4ED7-92BA-BE3FA6E0EE63}"
EndProject
Project("{FAE04EC0-301F-11D3-BF4B-00C04F79EFBC}") = "foo", "tests\sandboxing\parallel\foo.csproj", "{5C1D3275-895F-4F20-B70D-D6B5FCD95B39}"
EndProject
Project("{FAE04EC0-301F-11D3-BF4B-00C04F79EFBC}") = "Bzl", "dotnet\tools\Bzl\Bzl.csproj", "{2C0BA0B1-10F9-4F2E-AEB6-62B2D17D591D}"
EndProject
Project("{FAE04EC0-301F-11D3-BF4B-00C04F79EFBC}") = "BzlTests", "tests\dotnet\tools\BzlTests\BzlTests.csproj", "{7CC19AA3-D26B-45A4-BB68-D5315514EEBB}"
EndProject
Project("{FAE04EC0-301F-11D3-BF4B-00C04F79EFBC}") = "TestRunner", "dotnet\tools\bazel_testing\TestRunner.csproj", "{106F64E9-3477-48B9-ABD4-DA02FAFB7BAB}"
EndProject
Project("{FAE04EC0-301F-11D3-BF4B-00C04F79EFBC}") = "Tool", "tests\examples\NuGet\Tool\Tool.csproj", "{830EA900-0875-4611-BF22-17D07B7EEE5A}"
EndProject
Project("{FAE04EC0-301F-11D3-BF4B-00C04F79EFBC}") = "NuGetParserTests", "tests\dotnet\tools\NuGetParserTests\NuGetParserTests.csproj", "{BC44ADDE-7F1B-47CB-9DBA-40658B1C52FE}"
EndProject
Project("{2150E333-8FDC-42A3-9474-1A3956D46DE8}") = "Grpc", "Grpc", "{B32AC1B2-FE0B-4C99-9D96-2E6E3089CF36}"
EndProject
Project("{FAE04EC0-301F-11D3-BF4B-00C04F79EFBC}") = "Client", "tests\examples\Grpc\Client\Client.csproj", "{53889519-ECC7-47BC-91C6-84A255F0ABEF}"
EndProject
Project("{FAE04EC0-301F-11D3-BF4B-00C04F79EFBC}") = "Server", "tests\examples\Grpc\Server\Server.csproj", "{69EEDAB3-5FE9-4974-8F8E-D99329F05972}"
EndProject
Project("{FAE04EC0-301F-11D3-BF4B-00C04F79EFBC}") = "Simple", "tests\examples\Grpc\Simple\Simple.csproj", "{C0821CCE-4663-4326-96FB-AA3A045CD1E1}"
EndProject
Project("{FAE04EC0-301F-11D3-BF4B-00C04F79EFBC}") = "Protos", "tests\examples\Grpc\Protos\Protos.csproj", "{85B5923E-F0FB-4C15-BE63-C7B98262B542}"
EndProject
Project("{2150E333-8FDC-42A3-9474-1A3956D46DE8}") = "eng", "eng", "{4DA37A57-B08D-4A3A-B9C9-AA0D32334BB9}"
EndProject
Project("{FAE04EC0-301F-11D3-BF4B-00C04F79EFBC}") = "release", "eng\release\release.csproj", "{66A5CFEF-5821-4A90-BD17-32C5F79CEFC4}"
EndProject
Project("{FAE04EC0-301F-11D3-BF4B-00C04F79EFBC}") = "tar", "eng\tar\tar.csproj", "{5B0424C0-53AF-4355-8C9C-83DC4D1127DD}"
EndProject
Project("{FAE04EC0-301F-11D3-BF4B-00C04F79EFBC}") = "docs", "eng\docs\docs.csproj", "{630E8E78-8DB1-4FF5-A70A-3ABDDA41E23A}"
EndProject
Project("{FAE04EC0-301F-11D3-BF4B-00C04F79EFBC}") = "RunfilesTests", "tests\dotnet\tools\runfiles\unit\RunfilesTests.csproj", "{12DCC504-3779-40A6-A22F-E7A2C94DB340}"
EndProject
Global
	GlobalSection(SolutionConfigurationPlatforms) = preSolution
		Debug|Any CPU = Debug|Any CPU
		Debug|x64 = Debug|x64
		Debug|x86 = Debug|x86
		Release|Any CPU = Release|Any CPU
		Release|x64 = Release|x64
		Release|x86 = Release|x86
	EndGlobalSection
	GlobalSection(SolutionProperties) = preSolution
		HideSolutionNode = FALSE
	EndGlobalSection
	GlobalSection(ProjectConfigurationPlatforms) = postSolution
		{4AAF2E18-C4A0-4571-B5FD-B447C0E2B20D}.Debug|Any CPU.ActiveCfg = Debug|Any CPU
		{4AAF2E18-C4A0-4571-B5FD-B447C0E2B20D}.Debug|Any CPU.Build.0 = Debug|Any CPU
		{4AAF2E18-C4A0-4571-B5FD-B447C0E2B20D}.Debug|x64.ActiveCfg = Debug|Any CPU
		{4AAF2E18-C4A0-4571-B5FD-B447C0E2B20D}.Debug|x64.Build.0 = Debug|Any CPU
		{4AAF2E18-C4A0-4571-B5FD-B447C0E2B20D}.Debug|x86.ActiveCfg = Debug|Any CPU
		{4AAF2E18-C4A0-4571-B5FD-B447C0E2B20D}.Debug|x86.Build.0 = Debug|Any CPU
		{4AAF2E18-C4A0-4571-B5FD-B447C0E2B20D}.Release|Any CPU.ActiveCfg = Release|Any CPU
		{4AAF2E18-C4A0-4571-B5FD-B447C0E2B20D}.Release|Any CPU.Build.0 = Release|Any CPU
		{4AAF2E18-C4A0-4571-B5FD-B447C0E2B20D}.Release|x64.ActiveCfg = Release|Any CPU
		{4AAF2E18-C4A0-4571-B5FD-B447C0E2B20D}.Release|x64.Build.0 = Release|Any CPU
		{4AAF2E18-C4A0-4571-B5FD-B447C0E2B20D}.Release|x86.ActiveCfg = Release|Any CPU
		{4AAF2E18-C4A0-4571-B5FD-B447C0E2B20D}.Release|x86.Build.0 = Release|Any CPU
		{A723DE4C-26A9-4CBB-930C-00D2100F5D02}.Debug|Any CPU.ActiveCfg = Debug|Any CPU
		{A723DE4C-26A9-4CBB-930C-00D2100F5D02}.Debug|Any CPU.Build.0 = Debug|Any CPU
		{A723DE4C-26A9-4CBB-930C-00D2100F5D02}.Debug|x64.ActiveCfg = Debug|Any CPU
		{A723DE4C-26A9-4CBB-930C-00D2100F5D02}.Debug|x64.Build.0 = Debug|Any CPU
		{A723DE4C-26A9-4CBB-930C-00D2100F5D02}.Debug|x86.ActiveCfg = Debug|Any CPU
		{A723DE4C-26A9-4CBB-930C-00D2100F5D02}.Debug|x86.Build.0 = Debug|Any CPU
		{A723DE4C-26A9-4CBB-930C-00D2100F5D02}.Release|Any CPU.ActiveCfg = Release|Any CPU
		{A723DE4C-26A9-4CBB-930C-00D2100F5D02}.Release|Any CPU.Build.0 = Release|Any CPU
		{A723DE4C-26A9-4CBB-930C-00D2100F5D02}.Release|x64.ActiveCfg = Release|Any CPU
		{A723DE4C-26A9-4CBB-930C-00D2100F5D02}.Release|x64.Build.0 = Release|Any CPU
		{A723DE4C-26A9-4CBB-930C-00D2100F5D02}.Release|x86.ActiveCfg = Release|Any CPU
		{A723DE4C-26A9-4CBB-930C-00D2100F5D02}.Release|x86.Build.0 = Release|Any CPU
		{F1D9A201-77E3-491C-B725-BB84DE680C18}.Debug|Any CPU.ActiveCfg = Debug|Any CPU
		{F1D9A201-77E3-491C-B725-BB84DE680C18}.Debug|Any CPU.Build.0 = Debug|Any CPU
		{F1D9A201-77E3-491C-B725-BB84DE680C18}.Debug|x64.ActiveCfg = Debug|Any CPU
		{F1D9A201-77E3-491C-B725-BB84DE680C18}.Debug|x64.Build.0 = Debug|Any CPU
		{F1D9A201-77E3-491C-B725-BB84DE680C18}.Debug|x86.ActiveCfg = Debug|Any CPU
		{F1D9A201-77E3-491C-B725-BB84DE680C18}.Debug|x86.Build.0 = Debug|Any CPU
		{F1D9A201-77E3-491C-B725-BB84DE680C18}.Release|Any CPU.ActiveCfg = Release|Any CPU
		{F1D9A201-77E3-491C-B725-BB84DE680C18}.Release|Any CPU.Build.0 = Release|Any CPU
		{F1D9A201-77E3-491C-B725-BB84DE680C18}.Release|x64.ActiveCfg = Release|Any CPU
		{F1D9A201-77E3-491C-B725-BB84DE680C18}.Release|x64.Build.0 = Release|Any CPU
		{F1D9A201-77E3-491C-B725-BB84DE680C18}.Release|x86.ActiveCfg = Release|Any CPU
		{F1D9A201-77E3-491C-B725-BB84DE680C18}.Release|x86.Build.0 = Release|Any CPU
		{82F2EB1F-71AC-47F7-91A9-2952857A7CC5}.Debug|Any CPU.ActiveCfg = Debug|Any CPU
		{82F2EB1F-71AC-47F7-91A9-2952857A7CC5}.Debug|Any CPU.Build.0 = Debug|Any CPU
		{82F2EB1F-71AC-47F7-91A9-2952857A7CC5}.Debug|x64.ActiveCfg = Debug|Any CPU
		{82F2EB1F-71AC-47F7-91A9-2952857A7CC5}.Debug|x64.Build.0 = Debug|Any CPU
		{82F2EB1F-71AC-47F7-91A9-2952857A7CC5}.Debug|x86.ActiveCfg = Debug|Any CPU
		{82F2EB1F-71AC-47F7-91A9-2952857A7CC5}.Debug|x86.Build.0 = Debug|Any CPU
		{82F2EB1F-71AC-47F7-91A9-2952857A7CC5}.Release|Any CPU.ActiveCfg = Release|Any CPU
		{82F2EB1F-71AC-47F7-91A9-2952857A7CC5}.Release|Any CPU.Build.0 = Release|Any CPU
		{82F2EB1F-71AC-47F7-91A9-2952857A7CC5}.Release|x64.ActiveCfg = Release|Any CPU
		{82F2EB1F-71AC-47F7-91A9-2952857A7CC5}.Release|x64.Build.0 = Release|Any CPU
		{82F2EB1F-71AC-47F7-91A9-2952857A7CC5}.Release|x86.ActiveCfg = Release|Any CPU
		{82F2EB1F-71AC-47F7-91A9-2952857A7CC5}.Release|x86.Build.0 = Release|Any CPU
		{57171589-B4C5-476D-9F7F-A6FC0F991BE0}.Debug|Any CPU.ActiveCfg = Debug|Any CPU
		{57171589-B4C5-476D-9F7F-A6FC0F991BE0}.Debug|Any CPU.Build.0 = Debug|Any CPU
		{57171589-B4C5-476D-9F7F-A6FC0F991BE0}.Debug|x64.ActiveCfg = Debug|Any CPU
		{57171589-B4C5-476D-9F7F-A6FC0F991BE0}.Debug|x64.Build.0 = Debug|Any CPU
		{57171589-B4C5-476D-9F7F-A6FC0F991BE0}.Debug|x86.ActiveCfg = Debug|Any CPU
		{57171589-B4C5-476D-9F7F-A6FC0F991BE0}.Debug|x86.Build.0 = Debug|Any CPU
		{57171589-B4C5-476D-9F7F-A6FC0F991BE0}.Release|Any CPU.ActiveCfg = Release|Any CPU
		{57171589-B4C5-476D-9F7F-A6FC0F991BE0}.Release|Any CPU.Build.0 = Release|Any CPU
		{57171589-B4C5-476D-9F7F-A6FC0F991BE0}.Release|x64.ActiveCfg = Release|Any CPU
		{57171589-B4C5-476D-9F7F-A6FC0F991BE0}.Release|x64.Build.0 = Release|Any CPU
		{57171589-B4C5-476D-9F7F-A6FC0F991BE0}.Release|x86.ActiveCfg = Release|Any CPU
		{57171589-B4C5-476D-9F7F-A6FC0F991BE0}.Release|x86.Build.0 = Release|Any CPU
		{888D3874-B29F-4133-BDF0-F2F9E4EF8CE4}.Debug|Any CPU.ActiveCfg = Debug|Any CPU
		{888D3874-B29F-4133-BDF0-F2F9E4EF8CE4}.Debug|Any CPU.Build.0 = Debug|Any CPU
		{888D3874-B29F-4133-BDF0-F2F9E4EF8CE4}.Debug|x64.ActiveCfg = Debug|Any CPU
		{888D3874-B29F-4133-BDF0-F2F9E4EF8CE4}.Debug|x64.Build.0 = Debug|Any CPU
		{888D3874-B29F-4133-BDF0-F2F9E4EF8CE4}.Debug|x86.ActiveCfg = Debug|Any CPU
		{888D3874-B29F-4133-BDF0-F2F9E4EF8CE4}.Debug|x86.Build.0 = Debug|Any CPU
		{888D3874-B29F-4133-BDF0-F2F9E4EF8CE4}.Release|Any CPU.ActiveCfg = Release|Any CPU
		{888D3874-B29F-4133-BDF0-F2F9E4EF8CE4}.Release|Any CPU.Build.0 = Release|Any CPU
		{888D3874-B29F-4133-BDF0-F2F9E4EF8CE4}.Release|x64.ActiveCfg = Release|Any CPU
		{888D3874-B29F-4133-BDF0-F2F9E4EF8CE4}.Release|x64.Build.0 = Release|Any CPU
		{888D3874-B29F-4133-BDF0-F2F9E4EF8CE4}.Release|x86.ActiveCfg = Release|Any CPU
		{888D3874-B29F-4133-BDF0-F2F9E4EF8CE4}.Release|x86.Build.0 = Release|Any CPU
		{09BBE6A9-9F48-401A-8339-9177704836CE}.Debug|Any CPU.ActiveCfg = Debug|Any CPU
		{09BBE6A9-9F48-401A-8339-9177704836CE}.Debug|Any CPU.Build.0 = Debug|Any CPU
		{09BBE6A9-9F48-401A-8339-9177704836CE}.Debug|x64.ActiveCfg = Debug|Any CPU
		{09BBE6A9-9F48-401A-8339-9177704836CE}.Debug|x64.Build.0 = Debug|Any CPU
		{09BBE6A9-9F48-401A-8339-9177704836CE}.Debug|x86.ActiveCfg = Debug|Any CPU
		{09BBE6A9-9F48-401A-8339-9177704836CE}.Debug|x86.Build.0 = Debug|Any CPU
		{09BBE6A9-9F48-401A-8339-9177704836CE}.Release|Any CPU.ActiveCfg = Release|Any CPU
		{09BBE6A9-9F48-401A-8339-9177704836CE}.Release|Any CPU.Build.0 = Release|Any CPU
		{09BBE6A9-9F48-401A-8339-9177704836CE}.Release|x64.ActiveCfg = Release|Any CPU
		{09BBE6A9-9F48-401A-8339-9177704836CE}.Release|x64.Build.0 = Release|Any CPU
		{09BBE6A9-9F48-401A-8339-9177704836CE}.Release|x86.ActiveCfg = Release|Any CPU
		{09BBE6A9-9F48-401A-8339-9177704836CE}.Release|x86.Build.0 = Release|Any CPU
		{94C28599-E6D9-4CF2-9A7C-19F5D0D6DCF1}.Debug|Any CPU.ActiveCfg = Debug|Any CPU
		{94C28599-E6D9-4CF2-9A7C-19F5D0D6DCF1}.Debug|Any CPU.Build.0 = Debug|Any CPU
		{94C28599-E6D9-4CF2-9A7C-19F5D0D6DCF1}.Debug|x64.ActiveCfg = Debug|Any CPU
		{94C28599-E6D9-4CF2-9A7C-19F5D0D6DCF1}.Debug|x64.Build.0 = Debug|Any CPU
		{94C28599-E6D9-4CF2-9A7C-19F5D0D6DCF1}.Debug|x86.ActiveCfg = Debug|Any CPU
		{94C28599-E6D9-4CF2-9A7C-19F5D0D6DCF1}.Debug|x86.Build.0 = Debug|Any CPU
		{94C28599-E6D9-4CF2-9A7C-19F5D0D6DCF1}.Release|Any CPU.ActiveCfg = Release|Any CPU
		{94C28599-E6D9-4CF2-9A7C-19F5D0D6DCF1}.Release|Any CPU.Build.0 = Release|Any CPU
		{94C28599-E6D9-4CF2-9A7C-19F5D0D6DCF1}.Release|x64.ActiveCfg = Release|Any CPU
		{94C28599-E6D9-4CF2-9A7C-19F5D0D6DCF1}.Release|x64.Build.0 = Release|Any CPU
		{94C28599-E6D9-4CF2-9A7C-19F5D0D6DCF1}.Release|x86.ActiveCfg = Release|Any CPU
		{94C28599-E6D9-4CF2-9A7C-19F5D0D6DCF1}.Release|x86.Build.0 = Release|Any CPU
		{3928C151-D7ED-4124-A64B-D1B13948FE68}.Debug|Any CPU.ActiveCfg = Debug|Any CPU
		{3928C151-D7ED-4124-A64B-D1B13948FE68}.Debug|Any CPU.Build.0 = Debug|Any CPU
		{3928C151-D7ED-4124-A64B-D1B13948FE68}.Debug|x64.ActiveCfg = Debug|Any CPU
		{3928C151-D7ED-4124-A64B-D1B13948FE68}.Debug|x64.Build.0 = Debug|Any CPU
		{3928C151-D7ED-4124-A64B-D1B13948FE68}.Debug|x86.ActiveCfg = Debug|Any CPU
		{3928C151-D7ED-4124-A64B-D1B13948FE68}.Debug|x86.Build.0 = Debug|Any CPU
		{3928C151-D7ED-4124-A64B-D1B13948FE68}.Release|Any CPU.ActiveCfg = Release|Any CPU
		{3928C151-D7ED-4124-A64B-D1B13948FE68}.Release|Any CPU.Build.0 = Release|Any CPU
		{3928C151-D7ED-4124-A64B-D1B13948FE68}.Release|x64.ActiveCfg = Release|Any CPU
		{3928C151-D7ED-4124-A64B-D1B13948FE68}.Release|x64.Build.0 = Release|Any CPU
		{3928C151-D7ED-4124-A64B-D1B13948FE68}.Release|x86.ActiveCfg = Release|Any CPU
		{3928C151-D7ED-4124-A64B-D1B13948FE68}.Release|x86.Build.0 = Release|Any CPU
		{04C3A599-5F34-4510-9A7D-A066021E57CE}.Debug|Any CPU.ActiveCfg = Debug|Any CPU
		{04C3A599-5F34-4510-9A7D-A066021E57CE}.Debug|Any CPU.Build.0 = Debug|Any CPU
		{04C3A599-5F34-4510-9A7D-A066021E57CE}.Debug|x64.ActiveCfg = Debug|Any CPU
		{04C3A599-5F34-4510-9A7D-A066021E57CE}.Debug|x64.Build.0 = Debug|Any CPU
		{04C3A599-5F34-4510-9A7D-A066021E57CE}.Debug|x86.ActiveCfg = Debug|Any CPU
		{04C3A599-5F34-4510-9A7D-A066021E57CE}.Debug|x86.Build.0 = Debug|Any CPU
		{04C3A599-5F34-4510-9A7D-A066021E57CE}.Release|Any CPU.ActiveCfg = Release|Any CPU
		{04C3A599-5F34-4510-9A7D-A066021E57CE}.Release|Any CPU.Build.0 = Release|Any CPU
		{04C3A599-5F34-4510-9A7D-A066021E57CE}.Release|x64.ActiveCfg = Release|Any CPU
		{04C3A599-5F34-4510-9A7D-A066021E57CE}.Release|x64.Build.0 = Release|Any CPU
		{04C3A599-5F34-4510-9A7D-A066021E57CE}.Release|x86.ActiveCfg = Release|Any CPU
		{04C3A599-5F34-4510-9A7D-A066021E57CE}.Release|x86.Build.0 = Release|Any CPU
		{34CE9F9A-E563-4110-9D08-C9897AE3B40C}.Debug|Any CPU.ActiveCfg = Debug|Any CPU
		{34CE9F9A-E563-4110-9D08-C9897AE3B40C}.Debug|Any CPU.Build.0 = Debug|Any CPU
		{34CE9F9A-E563-4110-9D08-C9897AE3B40C}.Debug|x64.ActiveCfg = Debug|Any CPU
		{34CE9F9A-E563-4110-9D08-C9897AE3B40C}.Debug|x64.Build.0 = Debug|Any CPU
		{34CE9F9A-E563-4110-9D08-C9897AE3B40C}.Debug|x86.ActiveCfg = Debug|Any CPU
		{34CE9F9A-E563-4110-9D08-C9897AE3B40C}.Debug|x86.Build.0 = Debug|Any CPU
		{34CE9F9A-E563-4110-9D08-C9897AE3B40C}.Release|Any CPU.ActiveCfg = Release|Any CPU
		{34CE9F9A-E563-4110-9D08-C9897AE3B40C}.Release|Any CPU.Build.0 = Release|Any CPU
		{34CE9F9A-E563-4110-9D08-C9897AE3B40C}.Release|x64.ActiveCfg = Release|Any CPU
		{34CE9F9A-E563-4110-9D08-C9897AE3B40C}.Release|x64.Build.0 = Release|Any CPU
		{34CE9F9A-E563-4110-9D08-C9897AE3B40C}.Release|x86.ActiveCfg = Release|Any CPU
		{34CE9F9A-E563-4110-9D08-C9897AE3B40C}.Release|x86.Build.0 = Release|Any CPU
		{762415D8-AFDF-4CC4-A7D2-A89F3D047232}.Debug|Any CPU.ActiveCfg = Debug|Any CPU
		{762415D8-AFDF-4CC4-A7D2-A89F3D047232}.Debug|Any CPU.Build.0 = Debug|Any CPU
		{762415D8-AFDF-4CC4-A7D2-A89F3D047232}.Debug|x64.ActiveCfg = Debug|Any CPU
		{762415D8-AFDF-4CC4-A7D2-A89F3D047232}.Debug|x64.Build.0 = Debug|Any CPU
		{762415D8-AFDF-4CC4-A7D2-A89F3D047232}.Debug|x86.ActiveCfg = Debug|Any CPU
		{762415D8-AFDF-4CC4-A7D2-A89F3D047232}.Debug|x86.Build.0 = Debug|Any CPU
		{762415D8-AFDF-4CC4-A7D2-A89F3D047232}.Release|Any CPU.ActiveCfg = Release|Any CPU
		{762415D8-AFDF-4CC4-A7D2-A89F3D047232}.Release|Any CPU.Build.0 = Release|Any CPU
		{762415D8-AFDF-4CC4-A7D2-A89F3D047232}.Release|x64.ActiveCfg = Release|Any CPU
		{762415D8-AFDF-4CC4-A7D2-A89F3D047232}.Release|x64.Build.0 = Release|Any CPU
		{762415D8-AFDF-4CC4-A7D2-A89F3D047232}.Release|x86.ActiveCfg = Release|Any CPU
		{762415D8-AFDF-4CC4-A7D2-A89F3D047232}.Release|x86.Build.0 = Release|Any CPU
		{D7F62B25-AAA0-439C-ADA8-063D1B0637BD}.Debug|Any CPU.ActiveCfg = Debug|Any CPU
		{D7F62B25-AAA0-439C-ADA8-063D1B0637BD}.Debug|Any CPU.Build.0 = Debug|Any CPU
		{D7F62B25-AAA0-439C-ADA8-063D1B0637BD}.Debug|x64.ActiveCfg = Debug|Any CPU
		{D7F62B25-AAA0-439C-ADA8-063D1B0637BD}.Debug|x64.Build.0 = Debug|Any CPU
		{D7F62B25-AAA0-439C-ADA8-063D1B0637BD}.Debug|x86.ActiveCfg = Debug|Any CPU
		{D7F62B25-AAA0-439C-ADA8-063D1B0637BD}.Debug|x86.Build.0 = Debug|Any CPU
		{D7F62B25-AAA0-439C-ADA8-063D1B0637BD}.Release|Any CPU.ActiveCfg = Release|Any CPU
		{D7F62B25-AAA0-439C-ADA8-063D1B0637BD}.Release|Any CPU.Build.0 = Release|Any CPU
		{D7F62B25-AAA0-439C-ADA8-063D1B0637BD}.Release|x64.ActiveCfg = Release|Any CPU
		{D7F62B25-AAA0-439C-ADA8-063D1B0637BD}.Release|x64.Build.0 = Release|Any CPU
		{D7F62B25-AAA0-439C-ADA8-063D1B0637BD}.Release|x86.ActiveCfg = Release|Any CPU
		{D7F62B25-AAA0-439C-ADA8-063D1B0637BD}.Release|x86.Build.0 = Release|Any CPU
		{E42F5F3D-2B2F-4FBD-AC75-8508D3D3C91E}.Debug|Any CPU.ActiveCfg = Debug|Any CPU
		{E42F5F3D-2B2F-4FBD-AC75-8508D3D3C91E}.Debug|Any CPU.Build.0 = Debug|Any CPU
		{E42F5F3D-2B2F-4FBD-AC75-8508D3D3C91E}.Debug|x64.ActiveCfg = Debug|Any CPU
		{E42F5F3D-2B2F-4FBD-AC75-8508D3D3C91E}.Debug|x64.Build.0 = Debug|Any CPU
		{E42F5F3D-2B2F-4FBD-AC75-8508D3D3C91E}.Debug|x86.ActiveCfg = Debug|Any CPU
		{E42F5F3D-2B2F-4FBD-AC75-8508D3D3C91E}.Debug|x86.Build.0 = Debug|Any CPU
		{E42F5F3D-2B2F-4FBD-AC75-8508D3D3C91E}.Release|Any CPU.ActiveCfg = Release|Any CPU
		{E42F5F3D-2B2F-4FBD-AC75-8508D3D3C91E}.Release|Any CPU.Build.0 = Release|Any CPU
		{E42F5F3D-2B2F-4FBD-AC75-8508D3D3C91E}.Release|x64.ActiveCfg = Release|Any CPU
		{E42F5F3D-2B2F-4FBD-AC75-8508D3D3C91E}.Release|x64.Build.0 = Release|Any CPU
		{E42F5F3D-2B2F-4FBD-AC75-8508D3D3C91E}.Release|x86.ActiveCfg = Release|Any CPU
		{E42F5F3D-2B2F-4FBD-AC75-8508D3D3C91E}.Release|x86.Build.0 = Release|Any CPU
		{FF0028BC-92A7-4372-9992-F384E4813E7E}.Debug|Any CPU.ActiveCfg = Debug|Any CPU
		{FF0028BC-92A7-4372-9992-F384E4813E7E}.Debug|Any CPU.Build.0 = Debug|Any CPU
		{FF0028BC-92A7-4372-9992-F384E4813E7E}.Debug|x64.ActiveCfg = Debug|Any CPU
		{FF0028BC-92A7-4372-9992-F384E4813E7E}.Debug|x64.Build.0 = Debug|Any CPU
		{FF0028BC-92A7-4372-9992-F384E4813E7E}.Debug|x86.ActiveCfg = Debug|Any CPU
		{FF0028BC-92A7-4372-9992-F384E4813E7E}.Debug|x86.Build.0 = Debug|Any CPU
		{FF0028BC-92A7-4372-9992-F384E4813E7E}.Release|Any CPU.ActiveCfg = Release|Any CPU
		{FF0028BC-92A7-4372-9992-F384E4813E7E}.Release|Any CPU.Build.0 = Release|Any CPU
		{FF0028BC-92A7-4372-9992-F384E4813E7E}.Release|x64.ActiveCfg = Release|Any CPU
		{FF0028BC-92A7-4372-9992-F384E4813E7E}.Release|x64.Build.0 = Release|Any CPU
		{FF0028BC-92A7-4372-9992-F384E4813E7E}.Release|x86.ActiveCfg = Release|Any CPU
		{FF0028BC-92A7-4372-9992-F384E4813E7E}.Release|x86.Build.0 = Release|Any CPU
		{F40C9B2E-E46E-4660-99DA-E32F3218D50C}.Debug|Any CPU.ActiveCfg = Debug|Any CPU
		{F40C9B2E-E46E-4660-99DA-E32F3218D50C}.Debug|Any CPU.Build.0 = Debug|Any CPU
		{F40C9B2E-E46E-4660-99DA-E32F3218D50C}.Debug|x64.ActiveCfg = Debug|Any CPU
		{F40C9B2E-E46E-4660-99DA-E32F3218D50C}.Debug|x64.Build.0 = Debug|Any CPU
		{F40C9B2E-E46E-4660-99DA-E32F3218D50C}.Debug|x86.ActiveCfg = Debug|Any CPU
		{F40C9B2E-E46E-4660-99DA-E32F3218D50C}.Debug|x86.Build.0 = Debug|Any CPU
		{F40C9B2E-E46E-4660-99DA-E32F3218D50C}.Release|Any CPU.ActiveCfg = Release|Any CPU
		{F40C9B2E-E46E-4660-99DA-E32F3218D50C}.Release|Any CPU.Build.0 = Release|Any CPU
		{F40C9B2E-E46E-4660-99DA-E32F3218D50C}.Release|x64.ActiveCfg = Release|Any CPU
		{F40C9B2E-E46E-4660-99DA-E32F3218D50C}.Release|x64.Build.0 = Release|Any CPU
		{F40C9B2E-E46E-4660-99DA-E32F3218D50C}.Release|x86.ActiveCfg = Release|Any CPU
		{F40C9B2E-E46E-4660-99DA-E32F3218D50C}.Release|x86.Build.0 = Release|Any CPU
		{F46F6221-243C-47B2-B5B9-DA5C1F12E222}.Debug|Any CPU.ActiveCfg = Debug|Any CPU
		{F46F6221-243C-47B2-B5B9-DA5C1F12E222}.Debug|Any CPU.Build.0 = Debug|Any CPU
		{F46F6221-243C-47B2-B5B9-DA5C1F12E222}.Debug|x64.ActiveCfg = Debug|Any CPU
		{F46F6221-243C-47B2-B5B9-DA5C1F12E222}.Debug|x64.Build.0 = Debug|Any CPU
		{F46F6221-243C-47B2-B5B9-DA5C1F12E222}.Debug|x86.ActiveCfg = Debug|Any CPU
		{F46F6221-243C-47B2-B5B9-DA5C1F12E222}.Debug|x86.Build.0 = Debug|Any CPU
		{F46F6221-243C-47B2-B5B9-DA5C1F12E222}.Release|Any CPU.ActiveCfg = Release|Any CPU
		{F46F6221-243C-47B2-B5B9-DA5C1F12E222}.Release|Any CPU.Build.0 = Release|Any CPU
		{F46F6221-243C-47B2-B5B9-DA5C1F12E222}.Release|x64.ActiveCfg = Release|Any CPU
		{F46F6221-243C-47B2-B5B9-DA5C1F12E222}.Release|x64.Build.0 = Release|Any CPU
		{F46F6221-243C-47B2-B5B9-DA5C1F12E222}.Release|x86.ActiveCfg = Release|Any CPU
		{F46F6221-243C-47B2-B5B9-DA5C1F12E222}.Release|x86.Build.0 = Release|Any CPU
		{CC164112-FC98-4645-A9DE-075EA7A163C2}.Debug|Any CPU.ActiveCfg = Debug|Any CPU
		{CC164112-FC98-4645-A9DE-075EA7A163C2}.Debug|Any CPU.Build.0 = Debug|Any CPU
		{CC164112-FC98-4645-A9DE-075EA7A163C2}.Debug|x64.ActiveCfg = Debug|Any CPU
		{CC164112-FC98-4645-A9DE-075EA7A163C2}.Debug|x64.Build.0 = Debug|Any CPU
		{CC164112-FC98-4645-A9DE-075EA7A163C2}.Debug|x86.ActiveCfg = Debug|Any CPU
		{CC164112-FC98-4645-A9DE-075EA7A163C2}.Debug|x86.Build.0 = Debug|Any CPU
		{CC164112-FC98-4645-A9DE-075EA7A163C2}.Release|Any CPU.ActiveCfg = Release|Any CPU
		{CC164112-FC98-4645-A9DE-075EA7A163C2}.Release|Any CPU.Build.0 = Release|Any CPU
		{CC164112-FC98-4645-A9DE-075EA7A163C2}.Release|x64.ActiveCfg = Release|Any CPU
		{CC164112-FC98-4645-A9DE-075EA7A163C2}.Release|x64.Build.0 = Release|Any CPU
		{CC164112-FC98-4645-A9DE-075EA7A163C2}.Release|x86.ActiveCfg = Release|Any CPU
		{CC164112-FC98-4645-A9DE-075EA7A163C2}.Release|x86.Build.0 = Release|Any CPU
		{CCF50EB2-9D5E-4702-831B-067228B49C5A}.Debug|Any CPU.ActiveCfg = Debug|Any CPU
		{CCF50EB2-9D5E-4702-831B-067228B49C5A}.Debug|Any CPU.Build.0 = Debug|Any CPU
		{CCF50EB2-9D5E-4702-831B-067228B49C5A}.Debug|x64.ActiveCfg = Debug|Any CPU
		{CCF50EB2-9D5E-4702-831B-067228B49C5A}.Debug|x64.Build.0 = Debug|Any CPU
		{CCF50EB2-9D5E-4702-831B-067228B49C5A}.Debug|x86.ActiveCfg = Debug|Any CPU
		{CCF50EB2-9D5E-4702-831B-067228B49C5A}.Debug|x86.Build.0 = Debug|Any CPU
		{CCF50EB2-9D5E-4702-831B-067228B49C5A}.Release|Any CPU.ActiveCfg = Release|Any CPU
		{CCF50EB2-9D5E-4702-831B-067228B49C5A}.Release|Any CPU.Build.0 = Release|Any CPU
		{CCF50EB2-9D5E-4702-831B-067228B49C5A}.Release|x64.ActiveCfg = Release|Any CPU
		{CCF50EB2-9D5E-4702-831B-067228B49C5A}.Release|x64.Build.0 = Release|Any CPU
		{CCF50EB2-9D5E-4702-831B-067228B49C5A}.Release|x86.ActiveCfg = Release|Any CPU
		{CCF50EB2-9D5E-4702-831B-067228B49C5A}.Release|x86.Build.0 = Release|Any CPU
		{5C1D3275-895F-4F20-B70D-D6B5FCD95B39}.Debug|Any CPU.ActiveCfg = Debug|Any CPU
		{5C1D3275-895F-4F20-B70D-D6B5FCD95B39}.Debug|Any CPU.Build.0 = Debug|Any CPU
		{5C1D3275-895F-4F20-B70D-D6B5FCD95B39}.Debug|x64.ActiveCfg = Debug|Any CPU
		{5C1D3275-895F-4F20-B70D-D6B5FCD95B39}.Debug|x64.Build.0 = Debug|Any CPU
		{5C1D3275-895F-4F20-B70D-D6B5FCD95B39}.Debug|x86.ActiveCfg = Debug|Any CPU
		{5C1D3275-895F-4F20-B70D-D6B5FCD95B39}.Debug|x86.Build.0 = Debug|Any CPU
		{5C1D3275-895F-4F20-B70D-D6B5FCD95B39}.Release|Any CPU.ActiveCfg = Release|Any CPU
		{5C1D3275-895F-4F20-B70D-D6B5FCD95B39}.Release|Any CPU.Build.0 = Release|Any CPU
		{5C1D3275-895F-4F20-B70D-D6B5FCD95B39}.Release|x64.ActiveCfg = Release|Any CPU
		{5C1D3275-895F-4F20-B70D-D6B5FCD95B39}.Release|x64.Build.0 = Release|Any CPU
		{5C1D3275-895F-4F20-B70D-D6B5FCD95B39}.Release|x86.ActiveCfg = Release|Any CPU
		{5C1D3275-895F-4F20-B70D-D6B5FCD95B39}.Release|x86.Build.0 = Release|Any CPU
		{2C0BA0B1-10F9-4F2E-AEB6-62B2D17D591D}.Debug|Any CPU.ActiveCfg = Debug|Any CPU
		{2C0BA0B1-10F9-4F2E-AEB6-62B2D17D591D}.Debug|Any CPU.Build.0 = Debug|Any CPU
		{2C0BA0B1-10F9-4F2E-AEB6-62B2D17D591D}.Debug|x64.ActiveCfg = Debug|Any CPU
		{2C0BA0B1-10F9-4F2E-AEB6-62B2D17D591D}.Debug|x64.Build.0 = Debug|Any CPU
		{2C0BA0B1-10F9-4F2E-AEB6-62B2D17D591D}.Debug|x86.ActiveCfg = Debug|Any CPU
		{2C0BA0B1-10F9-4F2E-AEB6-62B2D17D591D}.Debug|x86.Build.0 = Debug|Any CPU
		{2C0BA0B1-10F9-4F2E-AEB6-62B2D17D591D}.Release|Any CPU.ActiveCfg = Release|Any CPU
		{2C0BA0B1-10F9-4F2E-AEB6-62B2D17D591D}.Release|Any CPU.Build.0 = Release|Any CPU
		{2C0BA0B1-10F9-4F2E-AEB6-62B2D17D591D}.Release|x64.ActiveCfg = Release|Any CPU
		{2C0BA0B1-10F9-4F2E-AEB6-62B2D17D591D}.Release|x64.Build.0 = Release|Any CPU
		{2C0BA0B1-10F9-4F2E-AEB6-62B2D17D591D}.Release|x86.ActiveCfg = Release|Any CPU
		{2C0BA0B1-10F9-4F2E-AEB6-62B2D17D591D}.Release|x86.Build.0 = Release|Any CPU
		{7CC19AA3-D26B-45A4-BB68-D5315514EEBB}.Debug|Any CPU.ActiveCfg = Debug|Any CPU
		{7CC19AA3-D26B-45A4-BB68-D5315514EEBB}.Debug|Any CPU.Build.0 = Debug|Any CPU
		{7CC19AA3-D26B-45A4-BB68-D5315514EEBB}.Debug|x64.ActiveCfg = Debug|Any CPU
		{7CC19AA3-D26B-45A4-BB68-D5315514EEBB}.Debug|x64.Build.0 = Debug|Any CPU
		{7CC19AA3-D26B-45A4-BB68-D5315514EEBB}.Debug|x86.ActiveCfg = Debug|Any CPU
		{7CC19AA3-D26B-45A4-BB68-D5315514EEBB}.Debug|x86.Build.0 = Debug|Any CPU
		{7CC19AA3-D26B-45A4-BB68-D5315514EEBB}.Release|Any CPU.ActiveCfg = Release|Any CPU
		{7CC19AA3-D26B-45A4-BB68-D5315514EEBB}.Release|Any CPU.Build.0 = Release|Any CPU
		{7CC19AA3-D26B-45A4-BB68-D5315514EEBB}.Release|x64.ActiveCfg = Release|Any CPU
		{7CC19AA3-D26B-45A4-BB68-D5315514EEBB}.Release|x64.Build.0 = Release|Any CPU
		{7CC19AA3-D26B-45A4-BB68-D5315514EEBB}.Release|x86.ActiveCfg = Release|Any CPU
		{7CC19AA3-D26B-45A4-BB68-D5315514EEBB}.Release|x86.Build.0 = Release|Any CPU
		{106F64E9-3477-48B9-ABD4-DA02FAFB7BAB}.Debug|Any CPU.ActiveCfg = Debug|Any CPU
		{106F64E9-3477-48B9-ABD4-DA02FAFB7BAB}.Debug|Any CPU.Build.0 = Debug|Any CPU
		{106F64E9-3477-48B9-ABD4-DA02FAFB7BAB}.Debug|x64.ActiveCfg = Debug|Any CPU
		{106F64E9-3477-48B9-ABD4-DA02FAFB7BAB}.Debug|x64.Build.0 = Debug|Any CPU
		{106F64E9-3477-48B9-ABD4-DA02FAFB7BAB}.Debug|x86.ActiveCfg = Debug|Any CPU
		{106F64E9-3477-48B9-ABD4-DA02FAFB7BAB}.Debug|x86.Build.0 = Debug|Any CPU
		{106F64E9-3477-48B9-ABD4-DA02FAFB7BAB}.Release|Any CPU.ActiveCfg = Release|Any CPU
		{106F64E9-3477-48B9-ABD4-DA02FAFB7BAB}.Release|Any CPU.Build.0 = Release|Any CPU
		{106F64E9-3477-48B9-ABD4-DA02FAFB7BAB}.Release|x64.ActiveCfg = Release|Any CPU
		{106F64E9-3477-48B9-ABD4-DA02FAFB7BAB}.Release|x64.Build.0 = Release|Any CPU
		{106F64E9-3477-48B9-ABD4-DA02FAFB7BAB}.Release|x86.ActiveCfg = Release|Any CPU
		{106F64E9-3477-48B9-ABD4-DA02FAFB7BAB}.Release|x86.Build.0 = Release|Any CPU
		{830EA900-0875-4611-BF22-17D07B7EEE5A}.Debug|Any CPU.ActiveCfg = Debug|Any CPU
		{830EA900-0875-4611-BF22-17D07B7EEE5A}.Debug|Any CPU.Build.0 = Debug|Any CPU
		{830EA900-0875-4611-BF22-17D07B7EEE5A}.Debug|x64.ActiveCfg = Debug|Any CPU
		{830EA900-0875-4611-BF22-17D07B7EEE5A}.Debug|x64.Build.0 = Debug|Any CPU
		{830EA900-0875-4611-BF22-17D07B7EEE5A}.Debug|x86.ActiveCfg = Debug|Any CPU
		{830EA900-0875-4611-BF22-17D07B7EEE5A}.Debug|x86.Build.0 = Debug|Any CPU
		{830EA900-0875-4611-BF22-17D07B7EEE5A}.Release|Any CPU.ActiveCfg = Release|Any CPU
		{830EA900-0875-4611-BF22-17D07B7EEE5A}.Release|Any CPU.Build.0 = Release|Any CPU
		{830EA900-0875-4611-BF22-17D07B7EEE5A}.Release|x64.ActiveCfg = Release|Any CPU
		{830EA900-0875-4611-BF22-17D07B7EEE5A}.Release|x64.Build.0 = Release|Any CPU
		{830EA900-0875-4611-BF22-17D07B7EEE5A}.Release|x86.ActiveCfg = Release|Any CPU
		{830EA900-0875-4611-BF22-17D07B7EEE5A}.Release|x86.Build.0 = Release|Any CPU
		{BC44ADDE-7F1B-47CB-9DBA-40658B1C52FE}.Debug|Any CPU.ActiveCfg = Debug|Any CPU
		{BC44ADDE-7F1B-47CB-9DBA-40658B1C52FE}.Debug|Any CPU.Build.0 = Debug|Any CPU
		{BC44ADDE-7F1B-47CB-9DBA-40658B1C52FE}.Debug|x64.ActiveCfg = Debug|Any CPU
		{BC44ADDE-7F1B-47CB-9DBA-40658B1C52FE}.Debug|x64.Build.0 = Debug|Any CPU
		{BC44ADDE-7F1B-47CB-9DBA-40658B1C52FE}.Debug|x86.ActiveCfg = Debug|Any CPU
		{BC44ADDE-7F1B-47CB-9DBA-40658B1C52FE}.Debug|x86.Build.0 = Debug|Any CPU
		{BC44ADDE-7F1B-47CB-9DBA-40658B1C52FE}.Release|Any CPU.ActiveCfg = Release|Any CPU
		{BC44ADDE-7F1B-47CB-9DBA-40658B1C52FE}.Release|Any CPU.Build.0 = Release|Any CPU
		{BC44ADDE-7F1B-47CB-9DBA-40658B1C52FE}.Release|x64.ActiveCfg = Release|Any CPU
		{BC44ADDE-7F1B-47CB-9DBA-40658B1C52FE}.Release|x64.Build.0 = Release|Any CPU
		{BC44ADDE-7F1B-47CB-9DBA-40658B1C52FE}.Release|x86.ActiveCfg = Release|Any CPU
		{BC44ADDE-7F1B-47CB-9DBA-40658B1C52FE}.Release|x86.Build.0 = Release|Any CPU
		{53889519-ECC7-47BC-91C6-84A255F0ABEF}.Debug|Any CPU.ActiveCfg = Debug|Any CPU
		{53889519-ECC7-47BC-91C6-84A255F0ABEF}.Debug|Any CPU.Build.0 = Debug|Any CPU
		{53889519-ECC7-47BC-91C6-84A255F0ABEF}.Debug|x64.ActiveCfg = Debug|Any CPU
		{53889519-ECC7-47BC-91C6-84A255F0ABEF}.Debug|x64.Build.0 = Debug|Any CPU
		{53889519-ECC7-47BC-91C6-84A255F0ABEF}.Debug|x86.ActiveCfg = Debug|Any CPU
		{53889519-ECC7-47BC-91C6-84A255F0ABEF}.Debug|x86.Build.0 = Debug|Any CPU
		{53889519-ECC7-47BC-91C6-84A255F0ABEF}.Release|Any CPU.ActiveCfg = Release|Any CPU
		{53889519-ECC7-47BC-91C6-84A255F0ABEF}.Release|Any CPU.Build.0 = Release|Any CPU
		{53889519-ECC7-47BC-91C6-84A255F0ABEF}.Release|x64.ActiveCfg = Release|Any CPU
		{53889519-ECC7-47BC-91C6-84A255F0ABEF}.Release|x64.Build.0 = Release|Any CPU
		{53889519-ECC7-47BC-91C6-84A255F0ABEF}.Release|x86.ActiveCfg = Release|Any CPU
		{53889519-ECC7-47BC-91C6-84A255F0ABEF}.Release|x86.Build.0 = Release|Any CPU
		{69EEDAB3-5FE9-4974-8F8E-D99329F05972}.Debug|Any CPU.ActiveCfg = Debug|Any CPU
		{69EEDAB3-5FE9-4974-8F8E-D99329F05972}.Debug|Any CPU.Build.0 = Debug|Any CPU
		{69EEDAB3-5FE9-4974-8F8E-D99329F05972}.Debug|x64.ActiveCfg = Debug|Any CPU
		{69EEDAB3-5FE9-4974-8F8E-D99329F05972}.Debug|x64.Build.0 = Debug|Any CPU
		{69EEDAB3-5FE9-4974-8F8E-D99329F05972}.Debug|x86.ActiveCfg = Debug|Any CPU
		{69EEDAB3-5FE9-4974-8F8E-D99329F05972}.Debug|x86.Build.0 = Debug|Any CPU
		{69EEDAB3-5FE9-4974-8F8E-D99329F05972}.Release|Any CPU.ActiveCfg = Release|Any CPU
		{69EEDAB3-5FE9-4974-8F8E-D99329F05972}.Release|Any CPU.Build.0 = Release|Any CPU
		{69EEDAB3-5FE9-4974-8F8E-D99329F05972}.Release|x64.ActiveCfg = Release|Any CPU
		{69EEDAB3-5FE9-4974-8F8E-D99329F05972}.Release|x64.Build.0 = Release|Any CPU
		{69EEDAB3-5FE9-4974-8F8E-D99329F05972}.Release|x86.ActiveCfg = Release|Any CPU
		{69EEDAB3-5FE9-4974-8F8E-D99329F05972}.Release|x86.Build.0 = Release|Any CPU
		{C0821CCE-4663-4326-96FB-AA3A045CD1E1}.Debug|Any CPU.ActiveCfg = Debug|Any CPU
		{C0821CCE-4663-4326-96FB-AA3A045CD1E1}.Debug|Any CPU.Build.0 = Debug|Any CPU
		{C0821CCE-4663-4326-96FB-AA3A045CD1E1}.Debug|x64.ActiveCfg = Debug|Any CPU
		{C0821CCE-4663-4326-96FB-AA3A045CD1E1}.Debug|x64.Build.0 = Debug|Any CPU
		{C0821CCE-4663-4326-96FB-AA3A045CD1E1}.Debug|x86.ActiveCfg = Debug|Any CPU
		{C0821CCE-4663-4326-96FB-AA3A045CD1E1}.Debug|x86.Build.0 = Debug|Any CPU
		{C0821CCE-4663-4326-96FB-AA3A045CD1E1}.Release|Any CPU.ActiveCfg = Release|Any CPU
		{C0821CCE-4663-4326-96FB-AA3A045CD1E1}.Release|Any CPU.Build.0 = Release|Any CPU
		{C0821CCE-4663-4326-96FB-AA3A045CD1E1}.Release|x64.ActiveCfg = Release|Any CPU
		{C0821CCE-4663-4326-96FB-AA3A045CD1E1}.Release|x64.Build.0 = Release|Any CPU
		{C0821CCE-4663-4326-96FB-AA3A045CD1E1}.Release|x86.ActiveCfg = Release|Any CPU
		{C0821CCE-4663-4326-96FB-AA3A045CD1E1}.Release|x86.Build.0 = Release|Any CPU
		{85B5923E-F0FB-4C15-BE63-C7B98262B542}.Debug|Any CPU.ActiveCfg = Debug|Any CPU
		{85B5923E-F0FB-4C15-BE63-C7B98262B542}.Debug|Any CPU.Build.0 = Debug|Any CPU
		{85B5923E-F0FB-4C15-BE63-C7B98262B542}.Debug|x64.ActiveCfg = Debug|Any CPU
		{85B5923E-F0FB-4C15-BE63-C7B98262B542}.Debug|x64.Build.0 = Debug|Any CPU
		{85B5923E-F0FB-4C15-BE63-C7B98262B542}.Debug|x86.ActiveCfg = Debug|Any CPU
		{85B5923E-F0FB-4C15-BE63-C7B98262B542}.Debug|x86.Build.0 = Debug|Any CPU
		{85B5923E-F0FB-4C15-BE63-C7B98262B542}.Release|Any CPU.ActiveCfg = Release|Any CPU
		{85B5923E-F0FB-4C15-BE63-C7B98262B542}.Release|Any CPU.Build.0 = Release|Any CPU
		{85B5923E-F0FB-4C15-BE63-C7B98262B542}.Release|x64.ActiveCfg = Release|Any CPU
		{85B5923E-F0FB-4C15-BE63-C7B98262B542}.Release|x64.Build.0 = Release|Any CPU
		{85B5923E-F0FB-4C15-BE63-C7B98262B542}.Release|x86.ActiveCfg = Release|Any CPU
		{85B5923E-F0FB-4C15-BE63-C7B98262B542}.Release|x86.Build.0 = Release|Any CPU
		{66A5CFEF-5821-4A90-BD17-32C5F79CEFC4}.Debug|Any CPU.ActiveCfg = Debug|Any CPU
		{66A5CFEF-5821-4A90-BD17-32C5F79CEFC4}.Debug|Any CPU.Build.0 = Debug|Any CPU
		{66A5CFEF-5821-4A90-BD17-32C5F79CEFC4}.Debug|x64.ActiveCfg = Debug|Any CPU
		{66A5CFEF-5821-4A90-BD17-32C5F79CEFC4}.Debug|x64.Build.0 = Debug|Any CPU
		{66A5CFEF-5821-4A90-BD17-32C5F79CEFC4}.Debug|x86.ActiveCfg = Debug|Any CPU
		{66A5CFEF-5821-4A90-BD17-32C5F79CEFC4}.Debug|x86.Build.0 = Debug|Any CPU
		{66A5CFEF-5821-4A90-BD17-32C5F79CEFC4}.Release|Any CPU.ActiveCfg = Release|Any CPU
		{66A5CFEF-5821-4A90-BD17-32C5F79CEFC4}.Release|Any CPU.Build.0 = Release|Any CPU
		{66A5CFEF-5821-4A90-BD17-32C5F79CEFC4}.Release|x64.ActiveCfg = Release|Any CPU
		{66A5CFEF-5821-4A90-BD17-32C5F79CEFC4}.Release|x64.Build.0 = Release|Any CPU
		{66A5CFEF-5821-4A90-BD17-32C5F79CEFC4}.Release|x86.ActiveCfg = Release|Any CPU
		{66A5CFEF-5821-4A90-BD17-32C5F79CEFC4}.Release|x86.Build.0 = Release|Any CPU
		{5B0424C0-53AF-4355-8C9C-83DC4D1127DD}.Debug|Any CPU.ActiveCfg = Debug|Any CPU
		{5B0424C0-53AF-4355-8C9C-83DC4D1127DD}.Debug|Any CPU.Build.0 = Debug|Any CPU
		{5B0424C0-53AF-4355-8C9C-83DC4D1127DD}.Debug|x64.ActiveCfg = Debug|Any CPU
		{5B0424C0-53AF-4355-8C9C-83DC4D1127DD}.Debug|x64.Build.0 = Debug|Any CPU
		{5B0424C0-53AF-4355-8C9C-83DC4D1127DD}.Debug|x86.ActiveCfg = Debug|Any CPU
		{5B0424C0-53AF-4355-8C9C-83DC4D1127DD}.Debug|x86.Build.0 = Debug|Any CPU
		{5B0424C0-53AF-4355-8C9C-83DC4D1127DD}.Release|Any CPU.ActiveCfg = Release|Any CPU
		{5B0424C0-53AF-4355-8C9C-83DC4D1127DD}.Release|Any CPU.Build.0 = Release|Any CPU
		{5B0424C0-53AF-4355-8C9C-83DC4D1127DD}.Release|x64.ActiveCfg = Release|Any CPU
		{5B0424C0-53AF-4355-8C9C-83DC4D1127DD}.Release|x64.Build.0 = Release|Any CPU
		{5B0424C0-53AF-4355-8C9C-83DC4D1127DD}.Release|x86.ActiveCfg = Release|Any CPU
		{5B0424C0-53AF-4355-8C9C-83DC4D1127DD}.Release|x86.Build.0 = Release|Any CPU
		{630E8E78-8DB1-4FF5-A70A-3ABDDA41E23A}.Debug|Any CPU.ActiveCfg = Debug|Any CPU
		{630E8E78-8DB1-4FF5-A70A-3ABDDA41E23A}.Debug|Any CPU.Build.0 = Debug|Any CPU
		{630E8E78-8DB1-4FF5-A70A-3ABDDA41E23A}.Debug|x64.ActiveCfg = Debug|Any CPU
		{630E8E78-8DB1-4FF5-A70A-3ABDDA41E23A}.Debug|x64.Build.0 = Debug|Any CPU
		{630E8E78-8DB1-4FF5-A70A-3ABDDA41E23A}.Debug|x86.ActiveCfg = Debug|Any CPU
		{630E8E78-8DB1-4FF5-A70A-3ABDDA41E23A}.Debug|x86.Build.0 = Debug|Any CPU
		{630E8E78-8DB1-4FF5-A70A-3ABDDA41E23A}.Release|Any CPU.ActiveCfg = Release|Any CPU
		{630E8E78-8DB1-4FF5-A70A-3ABDDA41E23A}.Release|Any CPU.Build.0 = Release|Any CPU
		{630E8E78-8DB1-4FF5-A70A-3ABDDA41E23A}.Release|x64.ActiveCfg = Release|Any CPU
		{630E8E78-8DB1-4FF5-A70A-3ABDDA41E23A}.Release|x64.Build.0 = Release|Any CPU
		{630E8E78-8DB1-4FF5-A70A-3ABDDA41E23A}.Release|x86.ActiveCfg = Release|Any CPU
		{630E8E78-8DB1-4FF5-A70A-3ABDDA41E23A}.Release|x86.Build.0 = Release|Any CPU
		{12DCC504-3779-40A6-A22F-E7A2C94DB340}.Debug|Any CPU.ActiveCfg = Debug|Any CPU
		{12DCC504-3779-40A6-A22F-E7A2C94DB340}.Debug|Any CPU.Build.0 = Debug|Any CPU
		{12DCC504-3779-40A6-A22F-E7A2C94DB340}.Debug|x64.ActiveCfg = Debug|Any CPU
		{12DCC504-3779-40A6-A22F-E7A2C94DB340}.Debug|x64.Build.0 = Debug|Any CPU
		{12DCC504-3779-40A6-A22F-E7A2C94DB340}.Debug|x86.ActiveCfg = Debug|Any CPU
		{12DCC504-3779-40A6-A22F-E7A2C94DB340}.Debug|x86.Build.0 = Debug|Any CPU
		{12DCC504-3779-40A6-A22F-E7A2C94DB340}.Release|Any CPU.ActiveCfg = Release|Any CPU
		{12DCC504-3779-40A6-A22F-E7A2C94DB340}.Release|Any CPU.Build.0 = Release|Any CPU
		{12DCC504-3779-40A6-A22F-E7A2C94DB340}.Release|x64.ActiveCfg = Release|Any CPU
		{12DCC504-3779-40A6-A22F-E7A2C94DB340}.Release|x64.Build.0 = Release|Any CPU
		{12DCC504-3779-40A6-A22F-E7A2C94DB340}.Release|x86.ActiveCfg = Release|Any CPU
		{12DCC504-3779-40A6-A22F-E7A2C94DB340}.Release|x86.Build.0 = Release|Any CPU
	EndGlobalSection
	GlobalSection(NestedProjects) = preSolution
		{E5A7643B-1976-42D6-960F-2D3BFD93C0E7} = {53192E28-2347-4A9F-BC0B-2B21D8C9ECD0}
		{4AAF2E18-C4A0-4571-B5FD-B447C0E2B20D} = {E5A7643B-1976-42D6-960F-2D3BFD93C0E7}
		{A723DE4C-26A9-4CBB-930C-00D2100F5D02} = {E5A7643B-1976-42D6-960F-2D3BFD93C0E7}
		{F1D9A201-77E3-491C-B725-BB84DE680C18} = {E5A7643B-1976-42D6-960F-2D3BFD93C0E7}
		{055159B5-FEF9-4998-B903-9724A850689E} = {32A34865-8CAE-417C-986D-ED4F261FB12A}
		{F8C0FD8F-420E-49BC-8461-9CB41ED92699} = {055159B5-FEF9-4998-B903-9724A850689E}
		{82F2EB1F-71AC-47F7-91A9-2952857A7CC5} = {F8C0FD8F-420E-49BC-8461-9CB41ED92699}
		{57171589-B4C5-476D-9F7F-A6FC0F991BE0} = {F8C0FD8F-420E-49BC-8461-9CB41ED92699}
		{CD331F7D-CB20-48B7-9BCE-7A52281B39AE} = {F8C0FD8F-420E-49BC-8461-9CB41ED92699}
		{888D3874-B29F-4133-BDF0-F2F9E4EF8CE4} = {CD331F7D-CB20-48B7-9BCE-7A52281B39AE}
		{3B4DC4ED-E08D-46FB-935D-78EC9B346F0E} = {32A34865-8CAE-417C-986D-ED4F261FB12A}
		{09BBE6A9-9F48-401A-8339-9177704836CE} = {3B4DC4ED-E08D-46FB-935D-78EC9B346F0E}
		{94C28599-E6D9-4CF2-9A7C-19F5D0D6DCF1} = {3B4DC4ED-E08D-46FB-935D-78EC9B346F0E}
		{3928C151-D7ED-4124-A64B-D1B13948FE68} = {3B4DC4ED-E08D-46FB-935D-78EC9B346F0E}
		{04C3A599-5F34-4510-9A7D-A066021E57CE} = {3B4DC4ED-E08D-46FB-935D-78EC9B346F0E}
		{34CE9F9A-E563-4110-9D08-C9897AE3B40C} = {3B4DC4ED-E08D-46FB-935D-78EC9B346F0E}
		{762415D8-AFDF-4CC4-A7D2-A89F3D047232} = {3B4DC4ED-E08D-46FB-935D-78EC9B346F0E}
		{9A0AD8C1-86B5-4024-95BC-9C79599C750C} = {3B4DC4ED-E08D-46FB-935D-78EC9B346F0E}
		{D7F62B25-AAA0-439C-ADA8-063D1B0637BD} = {9A0AD8C1-86B5-4024-95BC-9C79599C750C}
		{A417213A-FB02-4CE7-A836-12E313024EDB} = {9A0AD8C1-86B5-4024-95BC-9C79599C750C}
		{E42F5F3D-2B2F-4FBD-AC75-8508D3D3C91E} = {A417213A-FB02-4CE7-A836-12E313024EDB}
		{FF0028BC-92A7-4372-9992-F384E4813E7E} = {A417213A-FB02-4CE7-A836-12E313024EDB}
		{91AA9D85-9838-47AD-9EC4-5095907B3B1C} = {3B4DC4ED-E08D-46FB-935D-78EC9B346F0E}
		{F40C9B2E-E46E-4660-99DA-E32F3218D50C} = {91AA9D85-9838-47AD-9EC4-5095907B3B1C}
		{F46F6221-243C-47B2-B5B9-DA5C1F12E222} = {91AA9D85-9838-47AD-9EC4-5095907B3B1C}
		{CC164112-FC98-4645-A9DE-075EA7A163C2} = {91AA9D85-9838-47AD-9EC4-5095907B3B1C}
		{CCF50EB2-9D5E-4702-831B-067228B49C5A} = {91AA9D85-9838-47AD-9EC4-5095907B3B1C}
		{BA6A61D7-B8AF-4ED7-92BA-BE3FA6E0EE63} = {32A34865-8CAE-417C-986D-ED4F261FB12A}
		{5C1D3275-895F-4F20-B70D-D6B5FCD95B39} = {BA6A61D7-B8AF-4ED7-92BA-BE3FA6E0EE63}
		{2C0BA0B1-10F9-4F2E-AEB6-62B2D17D591D} = {E5A7643B-1976-42D6-960F-2D3BFD93C0E7}
		{7CC19AA3-D26B-45A4-BB68-D5315514EEBB} = {F8C0FD8F-420E-49BC-8461-9CB41ED92699}
		{106F64E9-3477-48B9-ABD4-DA02FAFB7BAB} = {E5A7643B-1976-42D6-960F-2D3BFD93C0E7}
		{830EA900-0875-4611-BF22-17D07B7EEE5A} = {9A0AD8C1-86B5-4024-95BC-9C79599C750C}
		{BC44ADDE-7F1B-47CB-9DBA-40658B1C52FE} = {F8C0FD8F-420E-49BC-8461-9CB41ED92699}
		{B32AC1B2-FE0B-4C99-9D96-2E6E3089CF36} = {3B4DC4ED-E08D-46FB-935D-78EC9B346F0E}
		{53889519-ECC7-47BC-91C6-84A255F0ABEF} = {B32AC1B2-FE0B-4C99-9D96-2E6E3089CF36}
		{69EEDAB3-5FE9-4974-8F8E-D99329F05972} = {B32AC1B2-FE0B-4C99-9D96-2E6E3089CF36}
		{C0821CCE-4663-4326-96FB-AA3A045CD1E1} = {B32AC1B2-FE0B-4C99-9D96-2E6E3089CF36}
		{85B5923E-F0FB-4C15-BE63-C7B98262B542} = {B32AC1B2-FE0B-4C99-9D96-2E6E3089CF36}
		{66A5CFEF-5821-4A90-BD17-32C5F79CEFC4} = {4DA37A57-B08D-4A3A-B9C9-AA0D32334BB9}
		{5B0424C0-53AF-4355-8C9C-83DC4D1127DD} = {4DA37A57-B08D-4A3A-B9C9-AA0D32334BB9}
		{630E8E78-8DB1-4FF5-A70A-3ABDDA41E23A} = {4DA37A57-B08D-4A3A-B9C9-AA0D32334BB9}
		{12DCC504-3779-40A6-A22F-E7A2C94DB340} = {CD331F7D-CB20-48B7-9BCE-7A52281B39AE}
	EndGlobalSection
EndGlobal
